
Microsoft Visual Studio Solution File, Format Version 12.00
# Visual Studio 2013
VisualStudioVersion = 12.0.21005.1
MinimumVisualStudioVersion = 10.0.40219.1
Project("{FAE04EC0-301F-11D3-BF4B-00C04F79EFBC}") = "HW140509_Timer", "HW140509_Timer\HW140509_Timer.csproj", "{A24F56F4-1195-42D0-A4EA-773A16FEF134}"
EndProject
Global
	GlobalSection(SolutionConfigurationPlatforms) = preSolution
		Debug|Any CPU = Debug|Any CPU
		Release|Any CPU = Release|Any CPU
	EndGlobalSection
	GlobalSection(ProjectConfigurationPlatforms) = postSolution
		{A24F56F4-1195-42D0-A4EA-773A16FEF134}.Debug|Any CPU.ActiveCfg = Debug|Any CPU
		{A24F56F4-1195-42D0-A4EA-773A16FEF134}.Debug|Any CPU.Build.0 = Debug|Any CPU
		{A24F56F4-1195-42D0-A4EA-773A16FEF134}.Release|Any CPU.ActiveCfg = Release|Any CPU
		{A24F56F4-1195-42D0-A4EA-773A16FEF134}.Release|Any CPU.Build.0 = Release|Any CPU
	EndGlobalSection
	GlobalSection(SolutionProperties) = preSolution
		HideSolutionNode = FALSE
	EndGlobalSection
EndGlobal
